
Microsoft Visual Studio Solution File, Format Version 12.00
# Visual Studio 2015
Project("{FAE04EC0-301F-11D3-BF4B-00C04F79EFBC}") = "CharacterEditor.Plugins", "CharacterEditor.Plugins.csproj", "{0E2FE775-03AF-1752-2457-FCB312709376}"
EndProject
Project("{FAE04EC0-301F-11D3-BF4B-00C04F79EFBC}") = "CharacterEditor", "CharacterEditor.csproj", "{58656851-CA89-F642-4597-09DFD7DDA47E}"
EndProject
Project("{FAE04EC0-301F-11D3-BF4B-00C04F79EFBC}") = "CharacterEditor.Editor.Plugins", "CharacterEditor.Editor.Plugins.csproj", "{BEB3BB6B-DA75-B50B-AEC0-DF5D4456EE09}"
EndProject
Project("{FAE04EC0-301F-11D3-BF4B-00C04F79EFBC}") = "CharacterEditor.Editor", "CharacterEditor.Editor.csproj", "{2C3D8A36-42B0-AC74-F6A4-87B9D073794B}"
EndProject
Global
	GlobalSection(SolutionConfigurationPlatforms) = preSolution
		Debug|Any CPU = Debug|Any CPU
		Release|Any CPU = Release|Any CPU
	EndGlobalSection
	GlobalSection(ProjectConfigurationPlatforms) = postSolution
		{0E2FE775-03AF-1752-2457-FCB312709376}.Debug|Any CPU.ActiveCfg = Debug|Any CPU
		{0E2FE775-03AF-1752-2457-FCB312709376}.Debug|Any CPU.Build.0 = Debug|Any CPU
		{0E2FE775-03AF-1752-2457-FCB312709376}.Release|Any CPU.ActiveCfg = Release|Any CPU
		{0E2FE775-03AF-1752-2457-FCB312709376}.Release|Any CPU.Build.0 = Release|Any CPU
		{58656851-CA89-F642-4597-09DFD7DDA47E}.Debug|Any CPU.ActiveCfg = Debug|Any CPU
		{58656851-CA89-F642-4597-09DFD7DDA47E}.Debug|Any CPU.Build.0 = Debug|Any CPU
		{58656851-CA89-F642-4597-09DFD7DDA47E}.Release|Any CPU.ActiveCfg = Release|Any CPU
		{58656851-CA89-F642-4597-09DFD7DDA47E}.Release|Any CPU.Build.0 = Release|Any CPU
		{BEB3BB6B-DA75-B50B-AEC0-DF5D4456EE09}.Debug|Any CPU.ActiveCfg = Debug|Any CPU
		{BEB3BB6B-DA75-B50B-AEC0-DF5D4456EE09}.Debug|Any CPU.Build.0 = Debug|Any CPU
		{BEB3BB6B-DA75-B50B-AEC0-DF5D4456EE09}.Release|Any CPU.ActiveCfg = Release|Any CPU
		{BEB3BB6B-DA75-B50B-AEC0-DF5D4456EE09}.Release|Any CPU.Build.0 = Release|Any CPU
		{2C3D8A36-42B0-AC74-F6A4-87B9D073794B}.Debug|Any CPU.ActiveCfg = Debug|Any CPU
		{2C3D8A36-42B0-AC74-F6A4-87B9D073794B}.Debug|Any CPU.Build.0 = Debug|Any CPU
		{2C3D8A36-42B0-AC74-F6A4-87B9D073794B}.Release|Any CPU.ActiveCfg = Release|Any CPU
		{2C3D8A36-42B0-AC74-F6A4-87B9D073794B}.Release|Any CPU.Build.0 = Release|Any CPU
	EndGlobalSection
	GlobalSection(SolutionProperties) = preSolution
		HideSolutionNode = FALSE
	EndGlobalSection
EndGlobal
